
Microsoft Visual Studio Solution File, Format Version 12.00
# Visual Studio Version 16
VisualStudioVersion = 16.0.29926.136
MinimumVisualStudioVersion = 10.0.40219.1
Project("{888888A0-9F3D-457C-B088-3A5042F75D52}") = "SudokuProject", "SudokuProject.pyproj", "{D3949B48-CB0F-43CA-84A0-03FBBF3F82F6}"
EndProject
Global
	GlobalSection(SolutionConfigurationPlatforms) = preSolution
		Debug|Any CPU = Debug|Any CPU
		Release|Any CPU = Release|Any CPU
	EndGlobalSection
	GlobalSection(ProjectConfigurationPlatforms) = postSolution
		{D3949B48-CB0F-43CA-84A0-03FBBF3F82F6}.Debug|Any CPU.ActiveCfg = Debug|Any CPU
		{D3949B48-CB0F-43CA-84A0-03FBBF3F82F6}.Release|Any CPU.ActiveCfg = Release|Any CPU
	EndGlobalSection
	GlobalSection(SolutionProperties) = preSolution
		HideSolutionNode = FALSE
	EndGlobalSection
	GlobalSection(ExtensibilityGlobals) = postSolution
		SolutionGuid = {542165EB-6EF7-4CE2-B23E-17528D01E5F1}
	EndGlobalSection
EndGlobal
